
Microsoft Visual Studio Solution File, Format Version 12.00
# Visual Studio Version 17
VisualStudioVersion = 17.13.35931.197 d17.13
MinimumVisualStudioVersion = 10.0.40219.1
Project("{FAE04EC0-301F-11D3-BF4B-00C04F79EFBC}") = "SideProject_Transcation", "SideProject_Transcation\SideProject_Transcation.csproj", "{5029ACAC-F3F9-4D65-B9F1-5784473EB3F0}"
EndProject
Global
	GlobalSection(SolutionConfigurationPlatforms) = preSolution
		Debug|Any CPU = Debug|Any CPU
		Release|Any CPU = Release|Any CPU
	EndGlobalSection
	GlobalSection(ProjectConfigurationPlatforms) = postSolution
		{5029ACAC-F3F9-4D65-B9F1-5784473EB3F0}.Debug|Any CPU.ActiveCfg = Debug|Any CPU
		{5029ACAC-F3F9-4D65-B9F1-5784473EB3F0}.Debug|Any CPU.Build.0 = Debug|Any CPU
		{5029ACAC-F3F9-4D65-B9F1-5784473EB3F0}.Release|Any CPU.ActiveCfg = Release|Any CPU
		{5029ACAC-F3F9-4D65-B9F1-5784473EB3F0}.Release|Any CPU.Build.0 = Release|Any CPU
	EndGlobalSection
	GlobalSection(SolutionProperties) = preSolution
		HideSolutionNode = FALSE
	EndGlobalSection
	GlobalSection(ExtensibilityGlobals) = postSolution
		SolutionGuid = {541D0A0D-8E70-42E6-9DDB-63A15A67E169}
	EndGlobalSection
EndGlobal
